// !$*UTF8*$!
{
	archiveVersion = 1;
	classes = {
	};
	objectVersion = 46;
	objects = {

/* Begin PBXBuildFile section */
		028488711F16D86400787BF8 /* CoreImage.framework in Frameworks */ = {isa = PBXBuildFile; fileRef = 028488701F16D86400787BF8 /* CoreImage.framework */; };
		028488731F16D87800787BF8 /* QuartzCore.framework in Frameworks */ = {isa = PBXBuildFile; fileRef = 028488721F16D87800787BF8 /* QuartzCore.framework */; };
		028488751F16D8D100787BF8 /* UIKit.framework in Frameworks */ = {isa = PBXBuildFile; fileRef = 028488741F16D8D000787BF8 /* UIKit.framework */; };
		0284887B1F16E0C200787BF8 /* Accelerate.framework in Frameworks */ = {isa = PBXBuildFile; fileRef = 0284887A1F16E0C200787BF8 /* Accelerate.framework */; };
		0284887D1F16E0DF00787BF8 /* Foundation.framework in Frameworks */ = {isa = PBXBuildFile; fileRef = 0284887C1F16E0DF00787BF8 /* Foundation.framework */; };
		02E271031F0EF6A900474319 /* main.m in Sources */ = {isa = PBXBuildFile; fileRef = 02E271021F0EF6A900474319 /* main.m */; };
		02E271061F0EF6A900474319 /* AppDelegate.m in Sources */ = {isa = PBXBuildFile; fileRef = 02E271051F0EF6A900474319 /* AppDelegate.m */; };
		02E271091F0EF6A900474319 /* ViewController.mm in Sources */ = {isa = PBXBuildFile; fileRef = 02E271081F0EF6A900474319 /* ViewController.mm */; };
		02E2710C1F0EF6A900474319 /* Main.storyboard in Resources */ = {isa = PBXBuildFile; fileRef = 02E2710A1F0EF6A900474319 /* Main.storyboard */; };
		02E2710E1F0EF6A900474319 /* Assets.xcassets in Resources */ = {isa = PBXBuildFile; fileRef = 02E2710D1F0EF6A900474319 /* Assets.xcassets */; };
		02E271111F0EF6A900474319 /* LaunchScreen.storyboard in Resources */ = {isa = PBXBuildFile; fileRef = 02E2710F1F0EF6A900474319 /* LaunchScreen.storyboard */; };
		02E2713B1F0F05F100474319 /* AssetsLibrary.framework in Frameworks */ = {isa = PBXBuildFile; fileRef = 02E2713A1F0F05F100474319 /* AssetsLibrary.framework */; };
		02E2713E1F0F061600474319 /* CoreGraphics.framework in Frameworks */ = {isa = PBXBuildFile; fileRef = 02E2713D1F0F061600474319 /* CoreGraphics.framework */; };
		02E271831F0F5A6700474319 /* libstdc++.6.0.9.tbd in Frameworks */ = {isa = PBXBuildFile; fileRef = 02E271821F0F5A6700474319 /* libstdc++.6.0.9.tbd */; };
		02EC54BB1F0F5B38004010BB /* libz.tbd in Frameworks */ = {isa = PBXBuildFile; fileRef = 02EC54BA1F0F5B38004010BB /* libz.tbd */; };
		02EC54BD1F0F5B62004010BB /* libiconv.tbd in Frameworks */ = {isa = PBXBuildFile; fileRef = 02EC54BC1F0F5B62004010BB /* libiconv.tbd */; };
		02EC54C11F0F5DF3004010BB /* opencv2.framework in Frameworks */ = {isa = PBXBuildFile; fileRef = 02EC54C01F0F5DF3004010BB /* opencv2.framework */; };
		02EC54C71F0F5E76004010BB /* AVFoundation.framework in Frameworks */ = {isa = PBXBuildFile; fileRef = 02EC54C61F0F5E76004010BB /* AVFoundation.framework */; };
		02EC54C91F0F5E7D004010BB /* CoreMedia.framework in Frameworks */ = {isa = PBXBuildFile; fileRef = 02EC54C81F0F5E7D004010BB /* CoreMedia.framework */; };
		25C4FA351F11E3C400B46006 /* mavic.jpg in Resources */ = {isa = PBXBuildFile; fileRef = 25C4FA341F11E3C400B46006 /* mavic.jpg */; };
		328864711F2AAAE90073B6A9 /* OpenCVConversion.mm in Sources */ = {isa = PBXBuildFile; fileRef = 328864701F2AAAE90073B6A9 /* OpenCVConversion.mm */; };
		328864791F2AB3870073B6A9 /* MagicInAir.mm in Sources */ = {isa = PBXBuildFile; fileRef = 328864771F2AB3870073B6A9 /* MagicInAir.mm */; };
		328864811F2BE8740073B6A9 /* lbpcascade_frontalface.xml in Resources */ = {isa = PBXBuildFile; fileRef = 328864801F2BE8740073B6A9 /* lbpcascade_frontalface.xml */; };
		32ECCF4E1F29611E00186107 /* haarcascade_frontalface_alt.xml in Resources */ = {isa = PBXBuildFile; fileRef = 32ECCF4D1F29611E00186107 /* haarcascade_frontalface_alt.xml */; };
		71551C9756E476BFC50C6466 /* libPods-drone-cv.a in Frameworks */ = {isa = PBXBuildFile; fileRef = B35B3369076CC7343A4AACDD /* libPods-drone-cv.a */; };
/* End PBXBuildFile section */

/* Begin PBXCopyFilesBuildPhase section */
		02E271361F0EFF3A00474319 /* Embed Frameworks */ = {
			isa = PBXCopyFilesBuildPhase;
			buildActionMask = 2147483647;
			dstPath = "";
			dstSubfolderSpec = 10;
			files = (
			);
			name = "Embed Frameworks";
			runOnlyForDeploymentPostprocessing = 0;
		};
/* End PBXCopyFilesBuildPhase section */

/* Begin PBXFileReference section */
		0284886E1F16D78500787BF8 /* drone-cv-PrefixHeader.pch */ = {isa = PBXFileReference; fileEncoding = 4; lastKnownFileType = sourcecode.c.h; path = "drone-cv-PrefixHeader.pch"; sourceTree = "<group>"; };
		028488701F16D86400787BF8 /* CoreImage.framework */ = {isa = PBXFileReference; lastKnownFileType = wrapper.framework; name = CoreImage.framework; path = System/Library/Frameworks/CoreImage.framework; sourceTree = SDKROOT; };
		028488721F16D87800787BF8 /* QuartzCore.framework */ = {isa = PBXFileReference; lastKnownFileType = wrapper.framework; name = QuartzCore.framework; path = System/Library/Frameworks/QuartzCore.framework; sourceTree = SDKROOT; };
		028488741F16D8D000787BF8 /* UIKit.framework */ = {isa = PBXFileReference; lastKnownFileType = wrapper.framework; name = UIKit.framework; path = System/Library/Frameworks/UIKit.framework; sourceTree = SDKROOT; };
		0284887A1F16E0C200787BF8 /* Accelerate.framework */ = {isa = PBXFileReference; lastKnownFileType = wrapper.framework; name = Accelerate.framework; path = System/Library/Frameworks/Accelerate.framework; sourceTree = SDKROOT; };
		0284887C1F16E0DF00787BF8 /* Foundation.framework */ = {isa = PBXFileReference; lastKnownFileType = wrapper.framework; name = Foundation.framework; path = System/Library/Frameworks/Foundation.framework; sourceTree = SDKROOT; };
		02E270FE1F0EF6A900474319 /* drone-cv.app */ = {isa = PBXFileReference; explicitFileType = wrapper.application; includeInIndex = 0; path = "drone-cv.app"; sourceTree = BUILT_PRODUCTS_DIR; };
		02E271021F0EF6A900474319 /* main.m */ = {isa = PBXFileReference; lastKnownFileType = sourcecode.c.objc; path = main.m; sourceTree = "<group>"; };
		02E271041F0EF6A900474319 /* AppDelegate.h */ = {isa = PBXFileReference; lastKnownFileType = sourcecode.c.h; path = AppDelegate.h; sourceTree = "<group>"; };
		02E271051F0EF6A900474319 /* AppDelegate.m */ = {isa = PBXFileReference; lastKnownFileType = sourcecode.c.objc; path = AppDelegate.m; sourceTree = "<group>"; };
		02E271071F0EF6A900474319 /* ViewController.h */ = {isa = PBXFileReference; lastKnownFileType = sourcecode.c.h; path = ViewController.h; sourceTree = "<group>"; };
		02E271081F0EF6A900474319 /* ViewController.mm */ = {isa = PBXFileReference; lastKnownFileType = sourcecode.cpp.objcpp; path = ViewController.mm; sourceTree = "<group>"; };
		02E2710B1F0EF6A900474319 /* Base */ = {isa = PBXFileReference; lastKnownFileType = file.storyboard; name = Base; path = Base.lproj/Main.storyboard; sourceTree = "<group>"; };
		02E2710D1F0EF6A900474319 /* Assets.xcassets */ = {isa = PBXFileReference; lastKnownFileType = folder.assetcatalog; path = Assets.xcassets; sourceTree = "<group>"; };
		02E271101F0EF6A900474319 /* Base */ = {isa = PBXFileReference; lastKnownFileType = file.storyboard; name = Base; path = Base.lproj/LaunchScreen.storyboard; sourceTree = "<group>"; };
		02E271121F0EF6A900474319 /* Info.plist */ = {isa = PBXFileReference; lastKnownFileType = text.plist.xml; path = Info.plist; sourceTree = "<group>"; };
		02E2713A1F0F05F100474319 /* AssetsLibrary.framework */ = {isa = PBXFileReference; lastKnownFileType = wrapper.framework; name = AssetsLibrary.framework; path = System/Library/Frameworks/AssetsLibrary.framework; sourceTree = SDKROOT; };
		02E2713D1F0F061600474319 /* CoreGraphics.framework */ = {isa = PBXFileReference; lastKnownFileType = wrapper.framework; name = CoreGraphics.framework; path = System/Library/Frameworks/CoreGraphics.framework; sourceTree = SDKROOT; };
		02E271821F0F5A6700474319 /* libstdc++.6.0.9.tbd */ = {isa = PBXFileReference; lastKnownFileType = "sourcecode.text-based-dylib-definition"; name = "libstdc++.6.0.9.tbd"; path = "usr/lib/libstdc++.6.0.9.tbd"; sourceTree = SDKROOT; };
		02EC54BA1F0F5B38004010BB /* libz.tbd */ = {isa = PBXFileReference; lastKnownFileType = "sourcecode.text-based-dylib-definition"; name = libz.tbd; path = usr/lib/libz.tbd; sourceTree = SDKROOT; };
		02EC54BC1F0F5B62004010BB /* libiconv.tbd */ = {isa = PBXFileReference; lastKnownFileType = "sourcecode.text-based-dylib-definition"; name = libiconv.tbd; path = usr/lib/libiconv.tbd; sourceTree = SDKROOT; };
		02EC54C01F0F5DF3004010BB /* opencv2.framework */ = {isa = PBXFileReference; lastKnownFileType = wrapper.framework; path = opencv2.framework; sourceTree = "<group>"; };
		02EC54C61F0F5E76004010BB /* AVFoundation.framework */ = {isa = PBXFileReference; lastKnownFileType = wrapper.framework; name = AVFoundation.framework; path = System/Library/Frameworks/AVFoundation.framework; sourceTree = SDKROOT; };
		02EC54C81F0F5E7D004010BB /* CoreMedia.framework */ = {isa = PBXFileReference; lastKnownFileType = wrapper.framework; name = CoreMedia.framework; path = System/Library/Frameworks/CoreMedia.framework; sourceTree = SDKROOT; };
		0F8B5F0459EBB972032268B3 /* Pods-drone-cv.debug.xcconfig */ = {isa = PBXFileReference; includeInIndex = 1; lastKnownFileType = text.xcconfig; name = "Pods-drone-cv.debug.xcconfig"; path = "Pods/Target Support Files/Pods-drone-cv/Pods-drone-cv.debug.xcconfig"; sourceTree = "<group>"; };
		25C4FA341F11E3C400B46006 /* mavic.jpg */ = {isa = PBXFileReference; lastKnownFileType = image.jpeg; path = mavic.jpg; sourceTree = SOURCE_ROOT; };
		328864701F2AAAE90073B6A9 /* OpenCVConversion.mm */ = {isa = PBXFileReference; fileEncoding = 4; lastKnownFileType = sourcecode.cpp.objcpp; name = OpenCVConversion.mm; path = CV_Tricks/OpenCVConversion.mm; sourceTree = "<group>"; };
		328864731F2AAB870073B6A9 /* OpenCVConversion.h */ = {isa = PBXFileReference; fileEncoding = 4; lastKnownFileType = sourcecode.c.h; name = OpenCVConversion.h; path = CV_Tricks/OpenCVConversion.h; sourceTree = "<group>"; };
		328864771F2AB3870073B6A9 /* MagicInAir.mm */ = {isa = PBXFileReference; fileEncoding = 4; lastKnownFileType = sourcecode.cpp.objcpp; lineEnding = 0; name = MagicInAir.mm; path = CV_Tricks/MagicInAir.mm; sourceTree = "<group>"; xcLanguageSpecificationIdentifier = xcode.lang.cpp; };
		3288647C1F2AF1A00073B6A9 /* MagicInAir.h */ = {isa = PBXFileReference; fileEncoding = 4; lastKnownFileType = sourcecode.c.h; lineEnding = 0; name = MagicInAir.h; path = CV_Tricks/MagicInAir.h; sourceTree = "<group>"; xcLanguageSpecificationIdentifier = xcode.lang.objcpp; };
		328864801F2BE8740073B6A9 /* lbpcascade_frontalface.xml */ = {isa = PBXFileReference; fileEncoding = 4; lastKnownFileType = text.xml; name = lbpcascade_frontalface.xml; path = CV_Tricks/lbpcascade_frontalface.xml; sourceTree = "<group>"; };
		32ECCF4D1F29611E00186107 /* haarcascade_frontalface_alt.xml */ = {isa = PBXFileReference; fileEncoding = 4; lastKnownFileType = text.xml; name = haarcascade_frontalface_alt.xml; path = CV_Tricks/haarcascade_frontalface_alt.xml; sourceTree = "<group>"; };
		454EFA066911E0EC12E52339 /* Pods-drone-cv.release.xcconfig */ = {isa = PBXFileReference; includeInIndex = 1; lastKnownFileType = text.xcconfig; name = "Pods-drone-cv.release.xcconfig"; path = "Pods/Target Support Files/Pods-drone-cv/Pods-drone-cv.release.xcconfig"; sourceTree = "<group>"; };
		B35B3369076CC7343A4AACDD /* libPods-drone-cv.a */ = {isa = PBXFileReference; explicitFileType = archive.ar; includeInIndex = 0; path = "libPods-drone-cv.a"; sourceTree = BUILT_PRODUCTS_DIR; };
/* End PBXFileReference section */

/* Begin PBXFrameworksBuildPhase section */
		02E270FB1F0EF6A900474319 /* Frameworks */ = {
			isa = PBXFrameworksBuildPhase;
			buildActionMask = 2147483647;
			files = (
				0284887D1F16E0DF00787BF8 /* Foundation.framework in Frameworks */,
				0284887B1F16E0C200787BF8 /* Accelerate.framework in Frameworks */,
				028488751F16D8D100787BF8 /* UIKit.framework in Frameworks */,
				028488731F16D87800787BF8 /* QuartzCore.framework in Frameworks */,
				028488711F16D86400787BF8 /* CoreImage.framework in Frameworks */,
				02EC54C91F0F5E7D004010BB /* CoreMedia.framework in Frameworks */,
				02EC54C71F0F5E76004010BB /* AVFoundation.framework in Frameworks */,
				02EC54BD1F0F5B62004010BB /* libiconv.tbd in Frameworks */,
				02EC54BB1F0F5B38004010BB /* libz.tbd in Frameworks */,
				02EC54C11F0F5DF3004010BB /* opencv2.framework in Frameworks */,
				02E271831F0F5A6700474319 /* libstdc++.6.0.9.tbd in Frameworks */,
				02E2713E1F0F061600474319 /* CoreGraphics.framework in Frameworks */,
				02E2713B1F0F05F100474319 /* AssetsLibrary.framework in Frameworks */,
				71551C9756E476BFC50C6466 /* libPods-drone-cv.a in Frameworks */,
			);
			runOnlyForDeploymentPostprocessing = 0;
		};
/* End PBXFrameworksBuildPhase section */

/* Begin PBXGroup section */
		02E270F51F0EF6A900474319 = {
			isa = PBXGroup;
			children = (
				02E271001F0EF6A900474319 /* drone-cv */,
				02E270FF1F0EF6A900474319 /* Products */,
				B74D6DE0C9DF511CCDFEBDCC /* Pods */,
				744CA326CB6B2E7B5A6BD106 /* Frameworks */,
			);
			sourceTree = "<group>";
		};
		02E270FF1F0EF6A900474319 /* Products */ = {
			isa = PBXGroup;
			children = (
				02E270FE1F0EF6A900474319 /* drone-cv.app */,
			);
			name = Products;
			sourceTree = "<group>";
		};
		02E271001F0EF6A900474319 /* drone-cv */ = {
			isa = PBXGroup;
			children = (
				328864771F2AB3870073B6A9 /* MagicInAir.mm */,
				3288647C1F2AF1A00073B6A9 /* MagicInAir.h */,
				32ECCF4D1F29611E00186107 /* haarcascade_frontalface_alt.xml */,
				328864801F2BE8740073B6A9 /* lbpcascade_frontalface.xml */,
				25C4FA341F11E3C400B46006 /* mavic.jpg */,
				02E271041F0EF6A900474319 /* AppDelegate.h */,
				02E271051F0EF6A900474319 /* AppDelegate.m */,
				02E271071F0EF6A900474319 /* ViewController.h */,
				02E271081F0EF6A900474319 /* ViewController.mm */,
				0284886E1F16D78500787BF8 /* drone-cv-PrefixHeader.pch */,
				02E2710A1F0EF6A900474319 /* Main.storyboard */,
				02E2710D1F0EF6A900474319 /* Assets.xcassets */,
				02E2710F1F0EF6A900474319 /* LaunchScreen.storyboard */,
				02E271121F0EF6A900474319 /* Info.plist */,
				02E271011F0EF6A900474319 /* Supporting Files */,
				328864701F2AAAE90073B6A9 /* OpenCVConversion.mm */,
				328864731F2AAB870073B6A9 /* OpenCVConversion.h */,
			);
			path = "drone-cv";
			sourceTree = "<group>";
		};
		02E271011F0EF6A900474319 /* Supporting Files */ = {
			isa = PBXGroup;
			children = (
				02E271021F0EF6A900474319 /* main.m */,
			);
			name = "Supporting Files";
			sourceTree = "<group>";
		};
		744CA326CB6B2E7B5A6BD106 /* Frameworks */ = {
			isa = PBXGroup;
			children = (
				0284887C1F16E0DF00787BF8 /* Foundation.framework */,
				0284887A1F16E0C200787BF8 /* Accelerate.framework */,
				028488741F16D8D000787BF8 /* UIKit.framework */,
				028488721F16D87800787BF8 /* QuartzCore.framework */,
				028488701F16D86400787BF8 /* CoreImage.framework */,
				02EC54C81F0F5E7D004010BB /* CoreMedia.framework */,
				02EC54C61F0F5E76004010BB /* AVFoundation.framework */,
				02EC54C01F0F5DF3004010BB /* opencv2.framework */,
				02EC54BC1F0F5B62004010BB /* libiconv.tbd */,
				02EC54BA1F0F5B38004010BB /* libz.tbd */,
				02E271821F0F5A6700474319 /* libstdc++.6.0.9.tbd */,
				02E2713D1F0F061600474319 /* CoreGraphics.framework */,
				02E2713A1F0F05F100474319 /* AssetsLibrary.framework */,
				B35B3369076CC7343A4AACDD /* libPods-drone-cv.a */,
			);
			name = Frameworks;
			sourceTree = "<group>";
		};
		B74D6DE0C9DF511CCDFEBDCC /* Pods */ = {
			isa = PBXGroup;
			children = (
				0F8B5F0459EBB972032268B3 /* Pods-drone-cv.debug.xcconfig */,
				454EFA066911E0EC12E52339 /* Pods-drone-cv.release.xcconfig */,
			);
			name = Pods;
			sourceTree = "<group>";
		};
/* End PBXGroup section */

/* Begin PBXNativeTarget section */
		02E270FD1F0EF6A900474319 /* drone-cv */ = {
			isa = PBXNativeTarget;
			buildConfigurationList = 02E271151F0EF6A900474319 /* Build configuration list for PBXNativeTarget "drone-cv" */;
			buildPhases = (
				400B252CE2ADD0AE2DB01C74 /* [CP] Check Pods Manifest.lock */,
				02E270FA1F0EF6A900474319 /* Sources */,
				02E270FB1F0EF6A900474319 /* Frameworks */,
				02E270FC1F0EF6A900474319 /* Resources */,
				D7C582536F1D81199CFC3B7A /* [CP] Embed Pods Frameworks */,
				5E3D3357E26F00DF516E791A /* [CP] Copy Pods Resources */,
				02E271361F0EFF3A00474319 /* Embed Frameworks */,
			);
			buildRules = (
			);
			dependencies = (
			);
			name = "drone-cv";
			productName = "drone-cv";
			productReference = 02E270FE1F0EF6A900474319 /* drone-cv.app */;
			productType = "com.apple.product-type.application";
		};
/* End PBXNativeTarget section */

/* Begin PBXProject section */
		02E270F61F0EF6A900474319 /* Project object */ = {
			isa = PBXProject;
			attributes = {
				LastUpgradeCheck = 0830;
				ORGANIZATIONNAME = dji;
				TargetAttributes = {
					02E270FD1F0EF6A900474319 = {
						CreatedOnToolsVersion = 8.3.3;
						DevelopmentTeam = 558H3P6Q9C;
						ProvisioningStyle = Automatic;
					};
				};
			};
			buildConfigurationList = 02E270F91F0EF6A900474319 /* Build configuration list for PBXProject "drone-cv" */;
			compatibilityVersion = "Xcode 3.2";
			developmentRegion = English;
			hasScannedForEncodings = 0;
			knownRegions = (
				en,
				Base,
			);
			mainGroup = 02E270F51F0EF6A900474319;
			productRefGroup = 02E270FF1F0EF6A900474319 /* Products */;
			projectDirPath = "";
			projectRoot = "";
			targets = (
				02E270FD1F0EF6A900474319 /* drone-cv */,
			);
		};
/* End PBXProject section */

/* Begin PBXResourcesBuildPhase section */
		02E270FC1F0EF6A900474319 /* Resources */ = {
			isa = PBXResourcesBuildPhase;
			buildActionMask = 2147483647;
			files = (
				32ECCF4E1F29611E00186107 /* haarcascade_frontalface_alt.xml in Resources */,
				25C4FA351F11E3C400B46006 /* mavic.jpg in Resources */,
				02E271111F0EF6A900474319 /* LaunchScreen.storyboard in Resources */,
				02E2710E1F0EF6A900474319 /* Assets.xcassets in Resources */,
				02E2710C1F0EF6A900474319 /* Main.storyboard in Resources */,
				328864811F2BE8740073B6A9 /* lbpcascade_frontalface.xml in Resources */,
			);
			runOnlyForDeploymentPostprocessing = 0;
		};
/* End PBXResourcesBuildPhase section */

/* Begin PBXShellScriptBuildPhase section */
		400B252CE2ADD0AE2DB01C74 /* [CP] Check Pods Manifest.lock */ = {
			isa = PBXShellScriptBuildPhase;
			buildActionMask = 2147483647;
			files = (
			);
			inputPaths = (
			);
			name = "[CP] Check Pods Manifest.lock";
			outputPaths = (
			);
			runOnlyForDeploymentPostprocessing = 0;
			shellPath = /bin/sh;
			shellScript = "diff \"${PODS_PODFILE_DIR_PATH}/Podfile.lock\" \"${PODS_ROOT}/Manifest.lock\" > /dev/null\nif [ $? != 0 ] ; then\n    # print error to STDERR\n    echo \"error: The sandbox is not in sync with the Podfile.lock. Run 'pod install' or update your CocoaPods installation.\" >&2\n    exit 1\nfi\n";
			showEnvVarsInLog = 0;
		};
		5E3D3357E26F00DF516E791A /* [CP] Copy Pods Resources */ = {
			isa = PBXShellScriptBuildPhase;
			buildActionMask = 2147483647;
			files = (
			);
			inputPaths = (
			);
			name = "[CP] Copy Pods Resources";
			outputPaths = (
			);
			runOnlyForDeploymentPostprocessing = 0;
			shellPath = /bin/sh;
			shellScript = "\"${SRCROOT}/Pods/Target Support Files/Pods-drone-cv/Pods-drone-cv-resources.sh\"\n";
			showEnvVarsInLog = 0;
		};
		D7C582536F1D81199CFC3B7A /* [CP] Embed Pods Frameworks */ = {
			isa = PBXShellScriptBuildPhase;
			buildActionMask = 2147483647;
			files = (
			);
			inputPaths = (
			);
			name = "[CP] Embed Pods Frameworks";
			outputPaths = (
			);
			runOnlyForDeploymentPostprocessing = 0;
			shellPath = /bin/sh;
			shellScript = "\"${SRCROOT}/Pods/Target Support Files/Pods-drone-cv/Pods-drone-cv-frameworks.sh\"\n";
			showEnvVarsInLog = 0;
		};
/* End PBXShellScriptBuildPhase section */

/* Begin PBXSourcesBuildPhase section */
		02E270FA1F0EF6A900474319 /* Sources */ = {
			isa = PBXSourcesBuildPhase;
			buildActionMask = 2147483647;
			files = (
				328864711F2AAAE90073B6A9 /* OpenCVConversion.mm in Sources */,
				02E271091F0EF6A900474319 /* ViewController.mm in Sources */,
				02E271061F0EF6A900474319 /* AppDelegate.m in Sources */,
				02E271031F0EF6A900474319 /* main.m in Sources */,
				328864791F2AB3870073B6A9 /* MagicInAir.mm in Sources */,
			);
			runOnlyForDeploymentPostprocessing = 0;
		};
/* End PBXSourcesBuildPhase section */

/* Begin PBXVariantGroup section */
		02E2710A1F0EF6A900474319 /* Main.storyboard */ = {
			isa = PBXVariantGroup;
			children = (
				02E2710B1F0EF6A900474319 /* Base */,
			);
			name = Main.storyboard;
			sourceTree = "<group>";
		};
		02E2710F1F0EF6A900474319 /* LaunchScreen.storyboard */ = {
			isa = PBXVariantGroup;
			children = (
				02E271101F0EF6A900474319 /* Base */,
			);
			name = LaunchScreen.storyboard;
			sourceTree = "<group>";
		};
/* End PBXVariantGroup section */

/* Begin XCBuildConfiguration section */
		02E271131F0EF6A900474319 /* Debug */ = {
			isa = XCBuildConfiguration;
			buildSettings = {
				ALWAYS_SEARCH_USER_PATHS = NO;
				CLANG_ANALYZER_NONNULL = YES;
				CLANG_ANALYZER_NUMBER_OBJECT_CONVERSION = YES_AGGRESSIVE;
				CLANG_CXX_LANGUAGE_STANDARD = "gnu++0x";
				CLANG_CXX_LIBRARY = "libc++";
				CLANG_ENABLE_MODULES = YES;
				CLANG_ENABLE_OBJC_ARC = YES;
				CLANG_WARN_BOOL_CONVERSION = YES;
				CLANG_WARN_CONSTANT_CONVERSION = YES;
				CLANG_WARN_DIRECT_OBJC_ISA_USAGE = YES_ERROR;
				CLANG_WARN_DOCUMENTATION_COMMENTS = YES;
				CLANG_WARN_EMPTY_BODY = YES;
				CLANG_WARN_ENUM_CONVERSION = YES;
				CLANG_WARN_INFINITE_RECURSION = YES;
				CLANG_WARN_INT_CONVERSION = YES;
				CLANG_WARN_OBJC_ROOT_CLASS = YES_ERROR;
				CLANG_WARN_SUSPICIOUS_MOVE = YES;
				CLANG_WARN_UNREACHABLE_CODE = YES;
				CLANG_WARN__DUPLICATE_METHOD_MATCH = YES;
				"CODE_SIGN_IDENTITY[sdk=iphoneos*]" = "iPhone Developer";
				COPY_PHASE_STRIP = NO;
				DEBUG_INFORMATION_FORMAT = dwarf;
				ENABLE_STRICT_OBJC_MSGSEND = YES;
				ENABLE_TESTABILITY = YES;
				GCC_C_LANGUAGE_STANDARD = gnu99;
				GCC_DYNAMIC_NO_PIC = NO;
				GCC_NO_COMMON_BLOCKS = YES;
				GCC_OPTIMIZATION_LEVEL = 0;
				GCC_PREPROCESSOR_DEFINITIONS = (
					"DEBUG=1",
					"$(inherited)",
				);
				GCC_WARN_64_TO_32_BIT_CONVERSION = YES;
				GCC_WARN_ABOUT_RETURN_TYPE = YES_ERROR;
				GCC_WARN_UNDECLARED_SELECTOR = YES;
				GCC_WARN_UNINITIALIZED_AUTOS = YES_AGGRESSIVE;
				GCC_WARN_UNUSED_FUNCTION = YES;
				GCC_WARN_UNUSED_VARIABLE = YES;
				IPHONEOS_DEPLOYMENT_TARGET = 10.3;
				MTL_ENABLE_DEBUG_INFO = YES;
				ONLY_ACTIVE_ARCH = YES;
				SDKROOT = iphoneos;
				TARGETED_DEVICE_FAMILY = "1,2";
			};
			name = Debug;
		};
		02E271141F0EF6A900474319 /* Release */ = {
			isa = XCBuildConfiguration;
			buildSettings = {
				ALWAYS_SEARCH_USER_PATHS = NO;
				CLANG_ANALYZER_NONNULL = YES;
				CLANG_ANALYZER_NUMBER_OBJECT_CONVERSION = YES_AGGRESSIVE;
				CLANG_CXX_LANGUAGE_STANDARD = "gnu++0x";
				CLANG_CXX_LIBRARY = "libc++";
				CLANG_ENABLE_MODULES = YES;
				CLANG_ENABLE_OBJC_ARC = YES;
				CLANG_WARN_BOOL_CONVERSION = YES;
				CLANG_WARN_CONSTANT_CONVERSION = YES;
				CLANG_WARN_DIRECT_OBJC_ISA_USAGE = YES_ERROR;
				CLANG_WARN_DOCUMENTATION_COMMENTS = YES;
				CLANG_WARN_EMPTY_BODY = YES;
				CLANG_WARN_ENUM_CONVERSION = YES;
				CLANG_WARN_INFINITE_RECURSION = YES;
				CLANG_WARN_INT_CONVERSION = YES;
				CLANG_WARN_OBJC_ROOT_CLASS = YES_ERROR;
				CLANG_WARN_SUSPICIOUS_MOVE = YES;
				CLANG_WARN_UNREACHABLE_CODE = YES;
				CLANG_WARN__DUPLICATE_METHOD_MATCH = YES;
				"CODE_SIGN_IDENTITY[sdk=iphoneos*]" = "iPhone Developer";
				COPY_PHASE_STRIP = NO;
				DEBUG_INFORMATION_FORMAT = "dwarf-with-dsym";
				ENABLE_NS_ASSERTIONS = NO;
				ENABLE_STRICT_OBJC_MSGSEND = YES;
				GCC_C_LANGUAGE_STANDARD = gnu99;
				GCC_NO_COMMON_BLOCKS = YES;
				GCC_WARN_64_TO_32_BIT_CONVERSION = YES;
				GCC_WARN_ABOUT_RETURN_TYPE = YES_ERROR;
				GCC_WARN_UNDECLARED_SELECTOR = YES;
				GCC_WARN_UNINITIALIZED_AUTOS = YES_AGGRESSIVE;
				GCC_WARN_UNUSED_FUNCTION = YES;
				GCC_WARN_UNUSED_VARIABLE = YES;
				IPHONEOS_DEPLOYMENT_TARGET = 10.3;
				MTL_ENABLE_DEBUG_INFO = NO;
				SDKROOT = iphoneos;
				TARGETED_DEVICE_FAMILY = "1,2";
				VALIDATE_PRODUCT = YES;
			};
			name = Release;
		};
		02E271161F0EF6A900474319 /* Debug */ = {
			isa = XCBuildConfiguration;
			baseConfigurationReference = 0F8B5F0459EBB972032268B3 /* Pods-drone-cv.debug.xcconfig */;
			buildSettings = {
				ASSETCATALOG_COMPILER_APPICON_NAME = AppIcon;
				DEVELOPMENT_TEAM = 558H3P6Q9C;
				ENABLE_BITCODE = NO;
				FRAMEWORK_SEARCH_PATHS = (
					"$(inherited)",
					"$(PROJECT_DIR)",
				);
				GCC_PRECOMPILE_PREFIX_HEADER = YES;
				GCC_PREFIX_HEADER = "drone-cv/drone-cv-PrefixHeader.pch";
				INFOPLIST_FILE = "drone-cv/Info.plist";
				IPHONEOS_DEPLOYMENT_TARGET = 10.0;
				LD_RUNPATH_SEARCH_PATHS = "$(inherited) @executable_path/Frameworks";
				PRODUCT_BUNDLE_IDENTIFIER = com.djizy.ActivationDemo;
				PRODUCT_NAME = "$(TARGET_NAME)";
			};
			name = Debug;
		};
		02E271171F0EF6A900474319 /* Release */ = {
			isa = XCBuildConfiguration;
			baseConfigurationReference = 454EFA066911E0EC12E52339 /* Pods-drone-cv.release.xcconfig */;
			buildSettings = {
				ASSETCATALOG_COMPILER_APPICON_NAME = AppIcon;
				DEVELOPMENT_TEAM = 558H3P6Q9C;
				ENABLE_BITCODE = NO;
				FRAMEWORK_SEARCH_PATHS = (
					"$(inherited)",
					"$(PROJECT_DIR)",
				);
				GCC_PRECOMPILE_PREFIX_HEADER = YES;
				GCC_PREFIX_HEADER = "drone-cv/drone-cv-PrefixHeader.pch";
				INFOPLIST_FILE = "drone-cv/Info.plist";
				IPHONEOS_DEPLOYMENT_TARGET = 10.0;
				LD_RUNPATH_SEARCH_PATHS = "$(inherited) @executable_path/Frameworks";
				PRODUCT_BUNDLE_IDENTIFIER = com.djizy.ActivationDemo;
				PRODUCT_NAME = "$(TARGET_NAME)";
			};
			name = Release;
		};
/* End XCBuildConfiguration section */

/* Begin XCConfigurationList section */
		02E270F91F0EF6A900474319 /* Build configuration list for PBXProject "drone-cv" */ = {
			isa = XCConfigurationList;
			buildConfigurations = (
				02E271131F0EF6A900474319 /* Debug */,
				02E271141F0EF6A900474319 /* Release */,
			);
			defaultConfigurationIsVisible = 0;
			defaultConfigurationName = Release;
		};
		02E271151F0EF6A900474319 /* Build configuration list for PBXNativeTarget "drone-cv" */ = {
			isa = XCConfigurationList;
			buildConfigurations = (
				02E271161F0EF6A900474319 /* Debug */,
				02E271171F0EF6A900474319 /* Release */,
			);
			defaultConfigurationIsVisible = 0;
			defaultConfigurationName = Release;
		};
/* End XCConfigurationList section */
	};
	rootObject = 02E270F61F0EF6A900474319 /* Project object */;
}
