// !$*UTF8*$!
{
	archiveVersion = 1;
	classes = {
	};
	objectVersion = 46;
	objects = {

/* Begin PBXBuildFile section */
		02E271031F0EF6A900474319 /* main.m in Sources */ = {isa = PBXBuildFile; fileRef = 02E271021F0EF6A900474319 /* main.m */; };
		02E271061F0EF6A900474319 /* AppDelegate.m in Sources */ = {isa = PBXBuildFile; fileRef = 02E271051F0EF6A900474319 /* AppDelegate.m */; };
		02E271091F0EF6A900474319 /* ViewController.m in Sources */ = {isa = PBXBuildFile; fileRef = 02E271081F0EF6A900474319 /* ViewController.m */; };
		02E2710C1F0EF6A900474319 /* Main.storyboard in Resources */ = {isa = PBXBuildFile; fileRef = 02E2710A1F0EF6A900474319 /* Main.storyboard */; };
		02E2710E1F0EF6A900474319 /* Assets.xcassets in Resources */ = {isa = PBXBuildFile; fileRef = 02E2710D1F0EF6A900474319 /* Assets.xcassets */; };
		02E271111F0EF6A900474319 /* LaunchScreen.storyboard in Resources */ = {isa = PBXBuildFile; fileRef = 02E2710F1F0EF6A900474319 /* LaunchScreen.storyboard */; };
		02E271321F0EFF3A00474319 /* VideoPreviewer.framework in Frameworks */ = {isa = PBXBuildFile; fileRef = 02E2712B1F0EFB4900474319 /* VideoPreviewer.framework */; };
		02E271331F0EFF3A00474319 /* VideoPreviewer.framework in Embed Frameworks */ = {isa = PBXBuildFile; fileRef = 02E2712B1F0EFB4900474319 /* VideoPreviewer.framework */; settings = {ATTRIBUTES = (CodeSignOnCopy, RemoveHeadersOnCopy, ); }; };
		71551C9756E476BFC50C6466 /* libPods-drone-cv.a in Frameworks */ = {isa = PBXBuildFile; fileRef = B35B3369076CC7343A4AACDD /* libPods-drone-cv.a */; };
/* End PBXBuildFile section */

/* Begin PBXContainerItemProxy section */
		02E2712A1F0EFB4900474319 /* PBXContainerItemProxy */ = {
			isa = PBXContainerItemProxy;
			containerPortal = 02E271261F0EFB4900474319 /* VideoPreviewer.xcodeproj */;
			proxyType = 2;
			remoteGlobalIDString = 02A543FD1C3C51CB0083C11B;
			remoteInfo = VideoPreviewer;
		};
		02E271341F0EFF3A00474319 /* PBXContainerItemProxy */ = {
			isa = PBXContainerItemProxy;
			containerPortal = 02E271261F0EFB4900474319 /* VideoPreviewer.xcodeproj */;
			proxyType = 1;
			remoteGlobalIDString = 02A543FC1C3C51CB0083C11B;
			remoteInfo = VideoPreviewer;
		};
/* End PBXContainerItemProxy section */

/* Begin PBXCopyFilesBuildPhase section */
		02E271361F0EFF3A00474319 /* Embed Frameworks */ = {
			isa = PBXCopyFilesBuildPhase;
			buildActionMask = 2147483647;
			dstPath = "";
			dstSubfolderSpec = 10;
			files = (
				02E271331F0EFF3A00474319 /* VideoPreviewer.framework in Embed Frameworks */,
			);
			name = "Embed Frameworks";
			runOnlyForDeploymentPostprocessing = 0;
		};
/* End PBXCopyFilesBuildPhase section */

/* Begin PBXFileReference section */
		02E270FE1F0EF6A900474319 /* drone-cv.app */ = {isa = PBXFileReference; explicitFileType = wrapper.application; includeInIndex = 0; path = "drone-cv.app"; sourceTree = BUILT_PRODUCTS_DIR; };
		02E271021F0EF6A900474319 /* main.m */ = {isa = PBXFileReference; lastKnownFileType = sourcecode.c.objc; path = main.m; sourceTree = "<group>"; };
		02E271041F0EF6A900474319 /* AppDelegate.h */ = {isa = PBXFileReference; lastKnownFileType = sourcecode.c.h; path = AppDelegate.h; sourceTree = "<group>"; };
		02E271051F0EF6A900474319 /* AppDelegate.m */ = {isa = PBXFileReference; lastKnownFileType = sourcecode.c.objc; path = AppDelegate.m; sourceTree = "<group>"; };
		02E271071F0EF6A900474319 /* ViewController.h */ = {isa = PBXFileReference; lastKnownFileType = sourcecode.c.h; path = ViewController.h; sourceTree = "<group>"; };
		02E271081F0EF6A900474319 /* ViewController.m */ = {isa = PBXFileReference; lastKnownFileType = sourcecode.c.objc; path = ViewController.m; sourceTree = "<group>"; };
		02E2710B1F0EF6A900474319 /* Base */ = {isa = PBXFileReference; lastKnownFileType = file.storyboard; name = Base; path = Base.lproj/Main.storyboard; sourceTree = "<group>"; };
		02E2710D1F0EF6A900474319 /* Assets.xcassets */ = {isa = PBXFileReference; lastKnownFileType = folder.assetcatalog; path = Assets.xcassets; sourceTree = "<group>"; };
		02E271101F0EF6A900474319 /* Base */ = {isa = PBXFileReference; lastKnownFileType = file.storyboard; name = Base; path = Base.lproj/LaunchScreen.storyboard; sourceTree = "<group>"; };
		02E271121F0EF6A900474319 /* Info.plist */ = {isa = PBXFileReference; lastKnownFileType = text.plist.xml; path = Info.plist; sourceTree = "<group>"; };
		02E271261F0EFB4900474319 /* VideoPreviewer.xcodeproj */ = {isa = PBXFileReference; lastKnownFileType = "wrapper.pb-project"; name = VideoPreviewer.xcodeproj; path = "../../Mobile-SDK-iOS/Sample Code/VideoPreviewer/VideoPreviewer.xcodeproj"; sourceTree = "<group>"; };
		0F8B5F0459EBB972032268B3 /* Pods-drone-cv.debug.xcconfig */ = {isa = PBXFileReference; includeInIndex = 1; lastKnownFileType = text.xcconfig; name = "Pods-drone-cv.debug.xcconfig"; path = "Pods/Target Support Files/Pods-drone-cv/Pods-drone-cv.debug.xcconfig"; sourceTree = "<group>"; };
		454EFA066911E0EC12E52339 /* Pods-drone-cv.release.xcconfig */ = {isa = PBXFileReference; includeInIndex = 1; lastKnownFileType = text.xcconfig; name = "Pods-drone-cv.release.xcconfig"; path = "Pods/Target Support Files/Pods-drone-cv/Pods-drone-cv.release.xcconfig"; sourceTree = "<group>"; };
		B35B3369076CC7343A4AACDD /* libPods-drone-cv.a */ = {isa = PBXFileReference; explicitFileType = archive.ar; includeInIndex = 0; path = "libPods-drone-cv.a"; sourceTree = BUILT_PRODUCTS_DIR; };
/* End PBXFileReference section */

/* Begin PBXFrameworksBuildPhase section */
		02E270FB1F0EF6A900474319 /* Frameworks */ = {
			isa = PBXFrameworksBuildPhase;
			buildActionMask = 2147483647;
			files = (
				02E271321F0EFF3A00474319 /* VideoPreviewer.framework in Frameworks */,
				71551C9756E476BFC50C6466 /* libPods-drone-cv.a in Frameworks */,
			);
			runOnlyForDeploymentPostprocessing = 0;
		};
/* End PBXFrameworksBuildPhase section */

/* Begin PBXGroup section */
		02E270F51F0EF6A900474319 = {
			isa = PBXGroup;
			children = (
				02E271001F0EF6A900474319 /* drone-cv */,
				02E270FF1F0EF6A900474319 /* Products */,
				B74D6DE0C9DF511CCDFEBDCC /* Pods */,
				744CA326CB6B2E7B5A6BD106 /* Frameworks */,
			);
			sourceTree = "<group>";
		};
		02E270FF1F0EF6A900474319 /* Products */ = {
			isa = PBXGroup;
			children = (
				02E270FE1F0EF6A900474319 /* drone-cv.app */,
			);
			name = Products;
			sourceTree = "<group>";
		};
		02E271001F0EF6A900474319 /* drone-cv */ = {
			isa = PBXGroup;
			children = (
				02E271041F0EF6A900474319 /* AppDelegate.h */,
				02E271051F0EF6A900474319 /* AppDelegate.m */,
				02E271071F0EF6A900474319 /* ViewController.h */,
				02E271081F0EF6A900474319 /* ViewController.m */,
				02E2710A1F0EF6A900474319 /* Main.storyboard */,
				02E2710D1F0EF6A900474319 /* Assets.xcassets */,
				02E2710F1F0EF6A900474319 /* LaunchScreen.storyboard */,
				02E271121F0EF6A900474319 /* Info.plist */,
				02E271011F0EF6A900474319 /* Supporting Files */,
			);
			path = "drone-cv";
			sourceTree = "<group>";
		};
		02E271011F0EF6A900474319 /* Supporting Files */ = {
			isa = PBXGroup;
			children = (
				02E271021F0EF6A900474319 /* main.m */,
			);
			name = "Supporting Files";
			sourceTree = "<group>";
		};
		02E271271F0EFB4900474319 /* Products */ = {
			isa = PBXGroup;
			children = (
				02E2712B1F0EFB4900474319 /* VideoPreviewer.framework */,
			);
			name = Products;
			sourceTree = "<group>";
		};
		744CA326CB6B2E7B5A6BD106 /* Frameworks */ = {
			isa = PBXGroup;
			children = (
				02E271261F0EFB4900474319 /* VideoPreviewer.xcodeproj */,
				B35B3369076CC7343A4AACDD /* libPods-drone-cv.a */,
			);
			name = Frameworks;
			sourceTree = "<group>";
		};
		B74D6DE0C9DF511CCDFEBDCC /* Pods */ = {
			isa = PBXGroup;
			children = (
				0F8B5F0459EBB972032268B3 /* Pods-drone-cv.debug.xcconfig */,
				454EFA066911E0EC12E52339 /* Pods-drone-cv.release.xcconfig */,
			);
			name = Pods;
			sourceTree = "<group>";
		};
/* End PBXGroup section */

/* Begin PBXNativeTarget section */
		02E270FD1F0EF6A900474319 /* drone-cv */ = {
			isa = PBXNativeTarget;
			buildConfigurationList = 02E271151F0EF6A900474319 /* Build configuration list for PBXNativeTarget "drone-cv" */;
			buildPhases = (
				400B252CE2ADD0AE2DB01C74 /* [CP] Check Pods Manifest.lock */,
				02E270FA1F0EF6A900474319 /* Sources */,
				02E270FB1F0EF6A900474319 /* Frameworks */,
				02E270FC1F0EF6A900474319 /* Resources */,
				D7C582536F1D81199CFC3B7A /* [CP] Embed Pods Frameworks */,
				5E3D3357E26F00DF516E791A /* [CP] Copy Pods Resources */,
				02E271361F0EFF3A00474319 /* Embed Frameworks */,
			);
			buildRules = (
			);
			dependencies = (
				02E271351F0EFF3A00474319 /* PBXTargetDependency */,
			);
			name = "drone-cv";
			productName = "drone-cv";
			productReference = 02E270FE1F0EF6A900474319 /* drone-cv.app */;
			productType = "com.apple.product-type.application";
		};
/* End PBXNativeTarget section */

/* Begin PBXProject section */
		02E270F61F0EF6A900474319 /* Project object */ = {
			isa = PBXProject;
			attributes = {
				LastUpgradeCheck = 0830;
				ORGANIZATIONNAME = dji;
				TargetAttributes = {
					02E270FD1F0EF6A900474319 = {
						CreatedOnToolsVersion = 8.3.3;
						DevelopmentTeam = 558H3P6Q9C;
						ProvisioningStyle = Automatic;
					};
				};
			};
			buildConfigurationList = 02E270F91F0EF6A900474319 /* Build configuration list for PBXProject "drone-cv" */;
			compatibilityVersion = "Xcode 3.2";
			developmentRegion = English;
			hasScannedForEncodings = 0;
			knownRegions = (
				en,
				Base,
			);
			mainGroup = 02E270F51F0EF6A900474319;
			productRefGroup = 02E270FF1F0EF6A900474319 /* Products */;
			projectDirPath = "";
			projectReferences = (
				{
					ProductGroup = 02E271271F0EFB4900474319 /* Products */;
					ProjectRef = 02E271261F0EFB4900474319 /* VideoPreviewer.xcodeproj */;
				},
			);
			projectRoot = "";
			targets = (
				02E270FD1F0EF6A900474319 /* drone-cv */,
			);
		};
/* End PBXProject section */

/* Begin PBXReferenceProxy section */
		02E2712B1F0EFB4900474319 /* VideoPreviewer.framework */ = {
			isa = PBXReferenceProxy;
			fileType = wrapper.framework;
			path = VideoPreviewer.framework;
			remoteRef = 02E2712A1F0EFB4900474319 /* PBXContainerItemProxy */;
			sourceTree = BUILT_PRODUCTS_DIR;
		};
/* End PBXReferenceProxy section */

/* Begin PBXResourcesBuildPhase section */
		02E270FC1F0EF6A900474319 /* Resources */ = {
			isa = PBXResourcesBuildPhase;
			buildActionMask = 2147483647;
			files = (
				02E271111F0EF6A900474319 /* LaunchScreen.storyboard in Resources */,
				02E2710E1F0EF6A900474319 /* Assets.xcassets in Resources */,
				02E2710C1F0EF6A900474319 /* Main.storyboard in Resources */,
			);
			runOnlyForDeploymentPostprocessing = 0;
		};
/* End PBXResourcesBuildPhase section */

/* Begin PBXShellScriptBuildPhase section */
		400B252CE2ADD0AE2DB01C74 /* [CP] Check Pods Manifest.lock */ = {
			isa = PBXShellScriptBuildPhase;
			buildActionMask = 2147483647;
			files = (
			);
			inputPaths = (
			);
			name = "[CP] Check Pods Manifest.lock";
			outputPaths = (
			);
			runOnlyForDeploymentPostprocessing = 0;
			shellPath = /bin/sh;
			shellScript = "diff \"${PODS_PODFILE_DIR_PATH}/Podfile.lock\" \"${PODS_ROOT}/Manifest.lock\" > /dev/null\nif [ $? != 0 ] ; then\n    # print error to STDERR\n    echo \"error: The sandbox is not in sync with the Podfile.lock. Run 'pod install' or update your CocoaPods installation.\" >&2\n    exit 1\nfi\n";
			showEnvVarsInLog = 0;
		};
		5E3D3357E26F00DF516E791A /* [CP] Copy Pods Resources */ = {
			isa = PBXShellScriptBuildPhase;
			buildActionMask = 2147483647;
			files = (
			);
			inputPaths = (
			);
			name = "[CP] Copy Pods Resources";
			outputPaths = (
			);
			runOnlyForDeploymentPostprocessing = 0;
			shellPath = /bin/sh;
			shellScript = "\"${SRCROOT}/Pods/Target Support Files/Pods-drone-cv/Pods-drone-cv-resources.sh\"\n";
			showEnvVarsInLog = 0;
		};
		D7C582536F1D81199CFC3B7A /* [CP] Embed Pods Frameworks */ = {
			isa = PBXShellScriptBuildPhase;
			buildActionMask = 2147483647;
			files = (
			);
			inputPaths = (
			);
			name = "[CP] Embed Pods Frameworks";
			outputPaths = (
			);
			runOnlyForDeploymentPostprocessing = 0;
			shellPath = /bin/sh;
			shellScript = "\"${SRCROOT}/Pods/Target Support Files/Pods-drone-cv/Pods-drone-cv-frameworks.sh\"\n";
			showEnvVarsInLog = 0;
		};
/* End PBXShellScriptBuildPhase section */

/* Begin PBXSourcesBuildPhase section */
		02E270FA1F0EF6A900474319 /* Sources */ = {
			isa = PBXSourcesBuildPhase;
			buildActionMask = 2147483647;
			files = (
				02E271091F0EF6A900474319 /* ViewController.m in Sources */,
				02E271061F0EF6A900474319 /* AppDelegate.m in Sources */,
				02E271031F0EF6A900474319 /* main.m in Sources */,
			);
			runOnlyForDeploymentPostprocessing = 0;
		};
/* End PBXSourcesBuildPhase section */

/* Begin PBXTargetDependency section */
		02E271351F0EFF3A00474319 /* PBXTargetDependency */ = {
			isa = PBXTargetDependency;
			name = VideoPreviewer;
			targetProxy = 02E271341F0EFF3A00474319 /* PBXContainerItemProxy */;
		};
/* End PBXTargetDependency section */

/* Begin PBXVariantGroup section */
		02E2710A1F0EF6A900474319 /* Main.storyboard */ = {
			isa = PBXVariantGroup;
			children = (
				02E2710B1F0EF6A900474319 /* Base */,
			);
			name = Main.storyboard;
			sourceTree = "<group>";
		};
		02E2710F1F0EF6A900474319 /* LaunchScreen.storyboard */ = {
			isa = PBXVariantGroup;
			children = (
				02E271101F0EF6A900474319 /* Base */,
			);
			name = LaunchScreen.storyboard;
			sourceTree = "<group>";
		};
/* End PBXVariantGroup section */

/* Begin XCBuildConfiguration section */
		02E271131F0EF6A900474319 /* Debug */ = {
			isa = XCBuildConfiguration;
			buildSettings = {
				ALWAYS_SEARCH_USER_PATHS = NO;
				CLANG_ANALYZER_NONNULL = YES;
				CLANG_ANALYZER_NUMBER_OBJECT_CONVERSION = YES_AGGRESSIVE;
				CLANG_CXX_LANGUAGE_STANDARD = "gnu++0x";
				CLANG_CXX_LIBRARY = "libc++";
				CLANG_ENABLE_MODULES = YES;
				CLANG_ENABLE_OBJC_ARC = YES;
				CLANG_WARN_BOOL_CONVERSION = YES;
				CLANG_WARN_CONSTANT_CONVERSION = YES;
				CLANG_WARN_DIRECT_OBJC_ISA_USAGE = YES_ERROR;
				CLANG_WARN_DOCUMENTATION_COMMENTS = YES;
				CLANG_WARN_EMPTY_BODY = YES;
				CLANG_WARN_ENUM_CONVERSION = YES;
				CLANG_WARN_INFINITE_RECURSION = YES;
				CLANG_WARN_INT_CONVERSION = YES;
				CLANG_WARN_OBJC_ROOT_CLASS = YES_ERROR;
				CLANG_WARN_SUSPICIOUS_MOVE = YES;
				CLANG_WARN_UNREACHABLE_CODE = YES;
				CLANG_WARN__DUPLICATE_METHOD_MATCH = YES;
				"CODE_SIGN_IDENTITY[sdk=iphoneos*]" = "iPhone Developer";
				COPY_PHASE_STRIP = NO;
				DEBUG_INFORMATION_FORMAT = dwarf;
				ENABLE_STRICT_OBJC_MSGSEND = YES;
				ENABLE_TESTABILITY = YES;
				GCC_C_LANGUAGE_STANDARD = gnu99;
				GCC_DYNAMIC_NO_PIC = NO;
				GCC_NO_COMMON_BLOCKS = YES;
				GCC_OPTIMIZATION_LEVEL = 0;
				GCC_PREPROCESSOR_DEFINITIONS = (
					"DEBUG=1",
					"$(inherited)",
				);
				GCC_WARN_64_TO_32_BIT_CONVERSION = YES;
				GCC_WARN_ABOUT_RETURN_TYPE = YES_ERROR;
				GCC_WARN_UNDECLARED_SELECTOR = YES;
				GCC_WARN_UNINITIALIZED_AUTOS = YES_AGGRESSIVE;
				GCC_WARN_UNUSED_FUNCTION = YES;
				GCC_WARN_UNUSED_VARIABLE = YES;
				IPHONEOS_DEPLOYMENT_TARGET = 10.3;
				MTL_ENABLE_DEBUG_INFO = YES;
				ONLY_ACTIVE_ARCH = YES;
				SDKROOT = iphoneos;
				TARGETED_DEVICE_FAMILY = "1,2";
			};
			name = Debug;
		};
		02E271141F0EF6A900474319 /* Release */ = {
			isa = XCBuildConfiguration;
			buildSettings = {
				ALWAYS_SEARCH_USER_PATHS = NO;
				CLANG_ANALYZER_NONNULL = YES;
				CLANG_ANALYZER_NUMBER_OBJECT_CONVERSION = YES_AGGRESSIVE;
				CLANG_CXX_LANGUAGE_STANDARD = "gnu++0x";
				CLANG_CXX_LIBRARY = "libc++";
				CLANG_ENABLE_MODULES = YES;
				CLANG_ENABLE_OBJC_ARC = YES;
				CLANG_WARN_BOOL_CONVERSION = YES;
				CLANG_WARN_CONSTANT_CONVERSION = YES;
				CLANG_WARN_DIRECT_OBJC_ISA_USAGE = YES_ERROR;
				CLANG_WARN_DOCUMENTATION_COMMENTS = YES;
				CLANG_WARN_EMPTY_BODY = YES;
				CLANG_WARN_ENUM_CONVERSION = YES;
				CLANG_WARN_INFINITE_RECURSION = YES;
				CLANG_WARN_INT_CONVERSION = YES;
				CLANG_WARN_OBJC_ROOT_CLASS = YES_ERROR;
				CLANG_WARN_SUSPICIOUS_MOVE = YES;
				CLANG_WARN_UNREACHABLE_CODE = YES;
				CLANG_WARN__DUPLICATE_METHOD_MATCH = YES;
				"CODE_SIGN_IDENTITY[sdk=iphoneos*]" = "iPhone Developer";
				COPY_PHASE_STRIP = NO;
				DEBUG_INFORMATION_FORMAT = "dwarf-with-dsym";
				ENABLE_NS_ASSERTIONS = NO;
				ENABLE_STRICT_OBJC_MSGSEND = YES;
				GCC_C_LANGUAGE_STANDARD = gnu99;
				GCC_NO_COMMON_BLOCKS = YES;
				GCC_WARN_64_TO_32_BIT_CONVERSION = YES;
				GCC_WARN_ABOUT_RETURN_TYPE = YES_ERROR;
				GCC_WARN_UNDECLARED_SELECTOR = YES;
				GCC_WARN_UNINITIALIZED_AUTOS = YES_AGGRESSIVE;
				GCC_WARN_UNUSED_FUNCTION = YES;
				GCC_WARN_UNUSED_VARIABLE = YES;
				IPHONEOS_DEPLOYMENT_TARGET = 10.3;
				MTL_ENABLE_DEBUG_INFO = NO;
				SDKROOT = iphoneos;
				TARGETED_DEVICE_FAMILY = "1,2";
				VALIDATE_PRODUCT = YES;
			};
			name = Release;
		};
		02E271161F0EF6A900474319 /* Debug */ = {
			isa = XCBuildConfiguration;
			baseConfigurationReference = 0F8B5F0459EBB972032268B3 /* Pods-drone-cv.debug.xcconfig */;
			buildSettings = {
				ASSETCATALOG_COMPILER_APPICON_NAME = AppIcon;
				DEVELOPMENT_TEAM = 558H3P6Q9C;
				ENABLE_BITCODE = NO;
				INFOPLIST_FILE = "drone-cv/Info.plist";
				IPHONEOS_DEPLOYMENT_TARGET = 10.0;
				LD_RUNPATH_SEARCH_PATHS = "$(inherited) @executable_path/Frameworks";
				PRODUCT_BUNDLE_IDENTIFIER = com.djizy.ActivationDemo;
				PRODUCT_NAME = "$(TARGET_NAME)";
			};
			name = Debug;
		};
		02E271171F0EF6A900474319 /* Release */ = {
			isa = XCBuildConfiguration;
			baseConfigurationReference = 454EFA066911E0EC12E52339 /* Pods-drone-cv.release.xcconfig */;
			buildSettings = {
				ASSETCATALOG_COMPILER_APPICON_NAME = AppIcon;
				DEVELOPMENT_TEAM = 558H3P6Q9C;
				ENABLE_BITCODE = NO;
				INFOPLIST_FILE = "drone-cv/Info.plist";
				IPHONEOS_DEPLOYMENT_TARGET = 10.0;
				LD_RUNPATH_SEARCH_PATHS = "$(inherited) @executable_path/Frameworks";
				PRODUCT_BUNDLE_IDENTIFIER = com.djizy.ActivationDemo;
				PRODUCT_NAME = "$(TARGET_NAME)";
			};
			name = Release;
		};
/* End XCBuildConfiguration section */

/* Begin XCConfigurationList section */
		02E270F91F0EF6A900474319 /* Build configuration list for PBXProject "drone-cv" */ = {
			isa = XCConfigurationList;
			buildConfigurations = (
				02E271131F0EF6A900474319 /* Debug */,
				02E271141F0EF6A900474319 /* Release */,
			);
			defaultConfigurationIsVisible = 0;
			defaultConfigurationName = Release;
		};
		02E271151F0EF6A900474319 /* Build configuration list for PBXNativeTarget "drone-cv" */ = {
			isa = XCConfigurationList;
			buildConfigurations = (
				02E271161F0EF6A900474319 /* Debug */,
				02E271171F0EF6A900474319 /* Release */,
			);
			defaultConfigurationIsVisible = 0;
			defaultConfigurationName = Release;
		};
/* End XCConfigurationList section */
	};
	rootObject = 02E270F61F0EF6A900474319 /* Project object */;
}
